
Microsoft Visual Studio Solution File, Format Version 12.00
# Visual Studio Version 17
VisualStudioVersion = 17.6.33723.286
MinimumVisualStudioVersion = 10.0.40219.1
Project("{FAE04EC0-301F-11D3-BF4B-00C04F79EFBC}") = "IS215G4FacialAnalysis", "IS215G4FacialAnalysis.csproj", "{A65968D7-DA2E-421A-977A-E99D30D245CD}"
EndProject
Global
	GlobalSection(SolutionConfigurationPlatforms) = preSolution
		Debug|Any CPU = Debug|Any CPU
		Release|Any CPU = Release|Any CPU
	EndGlobalSection
	GlobalSection(ProjectConfigurationPlatforms) = postSolution
		{A65968D7-DA2E-421A-977A-E99D30D245CD}.Debug|Any CPU.ActiveCfg = Debug|Any CPU
		{A65968D7-DA2E-421A-977A-E99D30D245CD}.Debug|Any CPU.Build.0 = Debug|Any CPU
		{A65968D7-DA2E-421A-977A-E99D30D245CD}.Release|Any CPU.ActiveCfg = Release|Any CPU
		{A65968D7-DA2E-421A-977A-E99D30D245CD}.Release|Any CPU.Build.0 = Release|Any CPU
	EndGlobalSection
	GlobalSection(SolutionProperties) = preSolution
		HideSolutionNode = FALSE
	EndGlobalSection
	GlobalSection(ExtensibilityGlobals) = postSolution
		SolutionGuid = {F655AB50-77FB-4BCC-A0D9-E9DF4E3C7CD1}
	EndGlobalSection
EndGlobal
